
Microsoft Visual Studio Solution File, Format Version 12.00
# Visual Studio Version 16
VisualStudioVersion = 16.0.29519.87
MinimumVisualStudioVersion = 10.0.40219.1
Project("{9A19103F-16F7-4668-BE54-9A1E7A4F7556}") = "VenditaVeicoliDllProject", "VenditaVeicoliDllProject\VenditaVeicoliDllProject.csproj", "{54CC9C64-6A52-4847-86CE-6C8586AAA2D0}"
EndProject
Project("{FAE04EC0-301F-11D3-BF4B-00C04F79EFBC}") = "WindowsFormsAppProject", "WindowsFormsAppProject\WindowsFormsAppProject.csproj", "{6EED4E68-EE39-4AF8-AF72-CA4ED9D853AE}"
EndProject
Project("{FAE04EC0-301F-11D3-BF4B-00C04F79EFBC}") = "ConsoleAppProject", "ConsoleAppProject\ConsoleAppProject.csproj", "{564036B1-2B88-4804-BF7B-6A1CA9B6D576}"
EndProject
Project("{FAE04EC0-301F-11D3-BF4B-00C04F79EFBC}") = "VeicoliDLL", "VeicoliDLL\VeicoliDLL.csproj", "{9A07001C-5431-4259-964B-D8FDC975EBAD}"
EndProject
Global
	GlobalSection(SolutionConfigurationPlatforms) = preSolution
		Debug|Any CPU = Debug|Any CPU
		Release|Any CPU = Release|Any CPU
	EndGlobalSection
	GlobalSection(ProjectConfigurationPlatforms) = postSolution
		{54CC9C64-6A52-4847-86CE-6C8586AAA2D0}.Debug|Any CPU.ActiveCfg = Debug|Any CPU
		{54CC9C64-6A52-4847-86CE-6C8586AAA2D0}.Debug|Any CPU.Build.0 = Debug|Any CPU
		{54CC9C64-6A52-4847-86CE-6C8586AAA2D0}.Release|Any CPU.ActiveCfg = Release|Any CPU
		{54CC9C64-6A52-4847-86CE-6C8586AAA2D0}.Release|Any CPU.Build.0 = Release|Any CPU
		{6EED4E68-EE39-4AF8-AF72-CA4ED9D853AE}.Debug|Any CPU.ActiveCfg = Debug|Any CPU
		{6EED4E68-EE39-4AF8-AF72-CA4ED9D853AE}.Debug|Any CPU.Build.0 = Debug|Any CPU
		{6EED4E68-EE39-4AF8-AF72-CA4ED9D853AE}.Release|Any CPU.ActiveCfg = Release|Any CPU
		{6EED4E68-EE39-4AF8-AF72-CA4ED9D853AE}.Release|Any CPU.Build.0 = Release|Any CPU
		{564036B1-2B88-4804-BF7B-6A1CA9B6D576}.Debug|Any CPU.ActiveCfg = Debug|Any CPU
		{564036B1-2B88-4804-BF7B-6A1CA9B6D576}.Debug|Any CPU.Build.0 = Debug|Any CPU
		{564036B1-2B88-4804-BF7B-6A1CA9B6D576}.Release|Any CPU.ActiveCfg = Release|Any CPU
		{564036B1-2B88-4804-BF7B-6A1CA9B6D576}.Release|Any CPU.Build.0 = Release|Any CPU
		{9A07001C-5431-4259-964B-D8FDC975EBAD}.Debug|Any CPU.ActiveCfg = Debug|Any CPU
		{9A07001C-5431-4259-964B-D8FDC975EBAD}.Debug|Any CPU.Build.0 = Debug|Any CPU
		{9A07001C-5431-4259-964B-D8FDC975EBAD}.Release|Any CPU.ActiveCfg = Release|Any CPU
		{9A07001C-5431-4259-964B-D8FDC975EBAD}.Release|Any CPU.Build.0 = Release|Any CPU
	EndGlobalSection
	GlobalSection(SolutionProperties) = preSolution
		HideSolutionNode = FALSE
	EndGlobalSection
	GlobalSection(ExtensibilityGlobals) = postSolution
		SolutionGuid = {0D0D4B34-ED01-4B4D-997A-6757E392CA49}
	EndGlobalSection
EndGlobal
